// !$*UTF8*$!
{
	archiveVersion = 1;
	classes = {
	};
	objectVersion = 51;
	objects = {

/* Begin PBXBuildFile section */
		1831896DAC6CAF79DD76ACE4 /* Pods_RxProject.framework in Frameworks */ = {isa = PBXBuildFile; fileRef = 8D8AEB56EF520EDB5B6817B9 /* Pods_RxProject.framework */; };
		EF1A1A2A23D113D700574EA3 /* AppDelegate.swift in Sources */ = {isa = PBXBuildFile; fileRef = EF1A1A2923D113D700574EA3 /* AppDelegate.swift */; };
		EF1A1A2C23D113D700574EA3 /* SceneDelegate.swift in Sources */ = {isa = PBXBuildFile; fileRef = EF1A1A2B23D113D700574EA3 /* SceneDelegate.swift */; };
		EF1A1A2E23D113D700574EA3 /* ViewController.swift in Sources */ = {isa = PBXBuildFile; fileRef = EF1A1A2D23D113D700574EA3 /* ViewController.swift */; };
		EF1A1A3323D113DA00574EA3 /* Assets.xcassets in Resources */ = {isa = PBXBuildFile; fileRef = EF1A1A3223D113DA00574EA3 /* Assets.xcassets */; };
		EF1A1A3623D113DA00574EA3 /* LaunchScreen.storyboard in Resources */ = {isa = PBXBuildFile; fileRef = EF1A1A3423D113DA00574EA3 /* LaunchScreen.storyboard */; };
/* End PBXBuildFile section */

/* Begin PBXFileReference section */
		414FF307EC40CA0AE994E12D /* Pods-RxProject.release.xcconfig */ = {isa = PBXFileReference; includeInIndex = 1; lastKnownFileType = text.xcconfig; name = "Pods-RxProject.release.xcconfig"; path = "Target Support Files/Pods-RxProject/Pods-RxProject.release.xcconfig"; sourceTree = "<group>"; };
		7B6D9EDE3D0368EE1D4CC2D3 /* Pods-RxProject.debug.xcconfig */ = {isa = PBXFileReference; includeInIndex = 1; lastKnownFileType = text.xcconfig; name = "Pods-RxProject.debug.xcconfig"; path = "Target Support Files/Pods-RxProject/Pods-RxProject.debug.xcconfig"; sourceTree = "<group>"; };
		8D8AEB56EF520EDB5B6817B9 /* Pods_RxProject.framework */ = {isa = PBXFileReference; explicitFileType = wrapper.framework; includeInIndex = 0; path = Pods_RxProject.framework; sourceTree = BUILT_PRODUCTS_DIR; };
		EF1A1A2623D113D700574EA3 /* RxProject.app */ = {isa = PBXFileReference; explicitFileType = wrapper.application; includeInIndex = 0; path = RxProject.app; sourceTree = BUILT_PRODUCTS_DIR; };
		EF1A1A2923D113D700574EA3 /* AppDelegate.swift */ = {isa = PBXFileReference; lastKnownFileType = sourcecode.swift; path = AppDelegate.swift; sourceTree = "<group>"; };
		EF1A1A2B23D113D700574EA3 /* SceneDelegate.swift */ = {isa = PBXFileReference; lastKnownFileType = sourcecode.swift; path = SceneDelegate.swift; sourceTree = "<group>"; };
		EF1A1A2D23D113D700574EA3 /* ViewController.swift */ = {isa = PBXFileReference; lastKnownFileType = sourcecode.swift; path = ViewController.swift; sourceTree = "<group>"; };
		EF1A1A3223D113DA00574EA3 /* Assets.xcassets */ = {isa = PBXFileReference; lastKnownFileType = folder.assetcatalog; path = Assets.xcassets; sourceTree = "<group>"; };
		EF1A1A3523D113DA00574EA3 /* Base */ = {isa = PBXFileReference; lastKnownFileType = file.storyboard; name = Base; path = Base.lproj/LaunchScreen.storyboard; sourceTree = "<group>"; };
		EF1A1A3723D113DA00574EA3 /* Info.plist */ = {isa = PBXFileReference; lastKnownFileType = text.plist.xml; path = Info.plist; sourceTree = "<group>"; };
		EF1A1A3D23D1163600574EA3 /* RxProject.playground */ = {isa = PBXFileReference; lastKnownFileType = file.playground; path = RxProject.playground; sourceTree = "<group>"; xcLanguageSpecificationIdentifier = xcode.lang.swift; };
/* End PBXFileReference section */

/* Begin PBXFrameworksBuildPhase section */
		EF1A1A2323D113D700574EA3 /* Frameworks */ = {
			isa = PBXFrameworksBuildPhase;
			buildActionMask = 2147483647;
			files = (
				1831896DAC6CAF79DD76ACE4 /* Pods_RxProject.framework in Frameworks */,
			);
			runOnlyForDeploymentPostprocessing = 0;
		};
/* End PBXFrameworksBuildPhase section */

/* Begin PBXGroup section */
		2FEC7A563BBDDD103962008C /* Pods */ = {
			isa = PBXGroup;
			children = (
				7B6D9EDE3D0368EE1D4CC2D3 /* Pods-RxProject.debug.xcconfig */,
				414FF307EC40CA0AE994E12D /* Pods-RxProject.release.xcconfig */,
			);
			path = Pods;
			sourceTree = "<group>";
		};
		AFB6C412B0877875D5683FD5 /* Frameworks */ = {
			isa = PBXGroup;
			children = (
				8D8AEB56EF520EDB5B6817B9 /* Pods_RxProject.framework */,
			);
			name = Frameworks;
			sourceTree = "<group>";
		};
		EF1A1A1D23D113D700574EA3 = {
			isa = PBXGroup;
			children = (
				EF1A1A3D23D1163600574EA3 /* RxProject.playground */,
				EF1A1A2823D113D700574EA3 /* RxProject */,
				EF1A1A2723D113D700574EA3 /* Products */,
				2FEC7A563BBDDD103962008C /* Pods */,
				AFB6C412B0877875D5683FD5 /* Frameworks */,
			);
			sourceTree = "<group>";
		};
		EF1A1A2723D113D700574EA3 /* Products */ = {
			isa = PBXGroup;
			children = (
				EF1A1A2623D113D700574EA3 /* RxProject.app */,
			);
			name = Products;
			sourceTree = "<group>";
		};
		EF1A1A2823D113D700574EA3 /* RxProject */ = {
			isa = PBXGroup;
			children = (
				EF1A1A2923D113D700574EA3 /* AppDelegate.swift */,
				EF1A1A2B23D113D700574EA3 /* SceneDelegate.swift */,
				EF1A1A2D23D113D700574EA3 /* ViewController.swift */,
				EF1A1A3223D113DA00574EA3 /* Assets.xcassets */,
				EF1A1A3423D113DA00574EA3 /* LaunchScreen.storyboard */,
				EF1A1A3723D113DA00574EA3 /* Info.plist */,
			);
			path = RxProject;
			sourceTree = "<group>";
		};
/* End PBXGroup section */

/* Begin PBXNativeTarget section */
		EF1A1A2523D113D700574EA3 /* RxProject */ = {
			isa = PBXNativeTarget;
			buildConfigurationList = EF1A1A3A23D113DA00574EA3 /* Build configuration list for PBXNativeTarget "RxProject" */;
			buildPhases = (
				D35F6F294A43E19C21736E17 /* [CP] Check Pods Manifest.lock */,
				EF1A1A2223D113D700574EA3 /* Sources */,
				EF1A1A2323D113D700574EA3 /* Frameworks */,
				EF1A1A2423D113D700574EA3 /* Resources */,
				A603638AF1318B6988CC2CC8 /* [CP] Embed Pods Frameworks */,
			);
			buildRules = (
			);
			dependencies = (
			);
			name = RxProject;
			productName = RxProject;
			productReference = EF1A1A2623D113D700574EA3 /* RxProject.app */;
			productType = "com.apple.product-type.application";
		};
/* End PBXNativeTarget section */

/* Begin PBXProject section */
		EF1A1A1E23D113D700574EA3 /* Project object */ = {
			isa = PBXProject;
			attributes = {
				LastSwiftUpdateCheck = 1130;
				LastUpgradeCheck = 1130;
				ORGANIZATIONNAME = "Detroit Labs";
				TargetAttributes = {
					EF1A1A2523D113D700574EA3 = {
						CreatedOnToolsVersion = 11.3.1;
					};
				};
			};
			buildConfigurationList = EF1A1A2123D113D700574EA3 /* Build configuration list for PBXProject "RxProject" */;
			compatibilityVersion = "Xcode 9.3";
			developmentRegion = en;
			hasScannedForEncodings = 0;
			knownRegions = (
				en,
				Base,
			);
			mainGroup = EF1A1A1D23D113D700574EA3;
			productRefGroup = EF1A1A2723D113D700574EA3 /* Products */;
			projectDirPath = "";
			projectRoot = "";
			targets = (
				EF1A1A2523D113D700574EA3 /* RxProject */,
			);
		};
/* End PBXProject section */

/* Begin PBXResourcesBuildPhase section */
		EF1A1A2423D113D700574EA3 /* Resources */ = {
			isa = PBXResourcesBuildPhase;
			buildActionMask = 2147483647;
			files = (
				EF1A1A3623D113DA00574EA3 /* LaunchScreen.storyboard in Resources */,
				EF1A1A3323D113DA00574EA3 /* Assets.xcassets in Resources */,
			);
			runOnlyForDeploymentPostprocessing = 0;
		};
/* End PBXResourcesBuildPhase section */

/* Begin PBXShellScriptBuildPhase section */
		A603638AF1318B6988CC2CC8 /* [CP] Embed Pods Frameworks */ = {
			isa = PBXShellScriptBuildPhase;
			buildActionMask = 2147483647;
			files = (
			);
			inputFileListPaths = (
				"${PODS_ROOT}/Target Support Files/Pods-RxProject/Pods-RxProject-frameworks-${CONFIGURATION}-input-files.xcfilelist",
			);
			name = "[CP] Embed Pods Frameworks";
			outputFileListPaths = (
				"${PODS_ROOT}/Target Support Files/Pods-RxProject/Pods-RxProject-frameworks-${CONFIGURATION}-output-files.xcfilelist",
			);
			runOnlyForDeploymentPostprocessing = 0;
			shellPath = /bin/sh;
			shellScript = "\"${PODS_ROOT}/Target Support Files/Pods-RxProject/Pods-RxProject-frameworks.sh\"\n";
			showEnvVarsInLog = 0;
		};
		D35F6F294A43E19C21736E17 /* [CP] Check Pods Manifest.lock */ = {
			isa = PBXShellScriptBuildPhase;
			buildActionMask = 2147483647;
			files = (
			);
			inputFileListPaths = (
			);
			inputPaths = (
				"${PODS_PODFILE_DIR_PATH}/Podfile.lock",
				"${PODS_ROOT}/Manifest.lock",
			);
			name = "[CP] Check Pods Manifest.lock";
			outputFileListPaths = (
			);
			outputPaths = (
				"$(DERIVED_FILE_DIR)/Pods-RxProject-checkManifestLockResult.txt",
			);
			runOnlyForDeploymentPostprocessing = 0;
			shellPath = /bin/sh;
			shellScript = "diff \"${PODS_PODFILE_DIR_PATH}/Podfile.lock\" \"${PODS_ROOT}/Manifest.lock\" > /dev/null\nif [ $? != 0 ] ; then\n    # print error to STDERR\n    echo \"error: The sandbox is not in sync with the Podfile.lock. Run 'pod install' or update your CocoaPods installation.\" >&2\n    exit 1\nfi\n# This output is used by Xcode 'outputs' to avoid re-running this script phase.\necho \"SUCCESS\" > \"${SCRIPT_OUTPUT_FILE_0}\"\n";
			showEnvVarsInLog = 0;
		};
/* End PBXShellScriptBuildPhase section */

/* Begin PBXSourcesBuildPhase section */
		EF1A1A2223D113D700574EA3 /* Sources */ = {
			isa = PBXSourcesBuildPhase;
			buildActionMask = 2147483647;
			files = (
				EF1A1A2E23D113D700574EA3 /* ViewController.swift in Sources */,
				EF1A1A2A23D113D700574EA3 /* AppDelegate.swift in Sources */,
				EF1A1A2C23D113D700574EA3 /* SceneDelegate.swift in Sources */,
			);
			runOnlyForDeploymentPostprocessing = 0;
		};
/* End PBXSourcesBuildPhase section */

/* Begin PBXVariantGroup section */
		EF1A1A3423D113DA00574EA3 /* LaunchScreen.storyboard */ = {
			isa = PBXVariantGroup;
			children = (
				EF1A1A3523D113DA00574EA3 /* Base */,
			);
			name = LaunchScreen.storyboard;
			sourceTree = "<group>";
		};
/* End PBXVariantGroup section */

/* Begin XCBuildConfiguration section */
		EF1A1A3823D113DA00574EA3 /* Debug */ = {
			isa = XCBuildConfiguration;
			buildSettings = {
				ALWAYS_SEARCH_USER_PATHS = NO;
				CLANG_ANALYZER_NONNULL = YES;
				CLANG_ANALYZER_NUMBER_OBJECT_CONVERSION = YES_AGGRESSIVE;
				CLANG_CXX_LANGUAGE_STANDARD = "gnu++14";
				CLANG_CXX_LIBRARY = "libc++";
				CLANG_ENABLE_MODULES = YES;
				CLANG_ENABLE_OBJC_ARC = YES;
				CLANG_ENABLE_OBJC_WEAK = YES;
				CLANG_WARN_BLOCK_CAPTURE_AUTORELEASING = YES;
				CLANG_WARN_BOOL_CONVERSION = YES;
				CLANG_WARN_COMMA = YES;
				CLANG_WARN_CONSTANT_CONVERSION = YES;
				CLANG_WARN_DEPRECATED_OBJC_IMPLEMENTATIONS = YES;
				CLANG_WARN_DIRECT_OBJC_ISA_USAGE = YES_ERROR;
				CLANG_WARN_DOCUMENTATION_COMMENTS = YES;
				CLANG_WARN_EMPTY_BODY = YES;
				CLANG_WARN_ENUM_CONVERSION = YES;
				CLANG_WARN_INFINITE_RECURSION = YES;
				CLANG_WARN_INT_CONVERSION = YES;
				CLANG_WARN_NON_LITERAL_NULL_CONVERSION = YES;
				CLANG_WARN_OBJC_IMPLICIT_RETAIN_SELF = YES;
				CLANG_WARN_OBJC_LITERAL_CONVERSION = YES;
				CLANG_WARN_OBJC_ROOT_CLASS = YES_ERROR;
				CLANG_WARN_RANGE_LOOP_ANALYSIS = YES;
				CLANG_WARN_STRICT_PROTOTYPES = YES;
				CLANG_WARN_SUSPICIOUS_MOVE = YES;
				CLANG_WARN_UNGUARDED_AVAILABILITY = YES_AGGRESSIVE;
				CLANG_WARN_UNREACHABLE_CODE = YES;
				CLANG_WARN__DUPLICATE_METHOD_MATCH = YES;
				COPY_PHASE_STRIP = NO;
				DEBUG_INFORMATION_FORMAT = dwarf;
				ENABLE_STRICT_OBJC_MSGSEND = YES;
				ENABLE_TESTABILITY = YES;
				GCC_C_LANGUAGE_STANDARD = gnu11;
				GCC_DYNAMIC_NO_PIC = NO;
				GCC_NO_COMMON_BLOCKS = YES;
				GCC_OPTIMIZATION_LEVEL = 0;
				GCC_PREPROCESSOR_DEFINITIONS = (
					"DEBUG=1",
					"$(inherited)",
				);
				GCC_WARN_64_TO_32_BIT_CONVERSION = YES;
				GCC_WARN_ABOUT_RETURN_TYPE = YES_ERROR;
				GCC_WARN_UNDECLARED_SELECTOR = YES;
				GCC_WARN_UNINITIALIZED_AUTOS = YES_AGGRESSIVE;
				GCC_WARN_UNUSED_FUNCTION = YES;
				GCC_WARN_UNUSED_VARIABLE = YES;
				IPHONEOS_DEPLOYMENT_TARGET = 13.2;
				MTL_ENABLE_DEBUG_INFO = INCLUDE_SOURCE;
				MTL_FAST_MATH = YES;
				ONLY_ACTIVE_ARCH = YES;
				SDKROOT = iphoneos;
				SWIFT_ACTIVE_COMPILATION_CONDITIONS = DEBUG;
				SWIFT_OPTIMIZATION_LEVEL = "-Onone";
			};
			name = Debug;
		};
		EF1A1A3923D113DA00574EA3 /* Release */ = {
			isa = XCBuildConfiguration;
			buildSettings = {
				ALWAYS_SEARCH_USER_PATHS = NO;
				CLANG_ANALYZER_NONNULL = YES;
				CLANG_ANALYZER_NUMBER_OBJECT_CONVERSION = YES_AGGRESSIVE;
				CLANG_CXX_LANGUAGE_STANDARD = "gnu++14";
				CLANG_CXX_LIBRARY = "libc++";
				CLANG_ENABLE_MODULES = YES;
				CLANG_ENABLE_OBJC_ARC = YES;
				CLANG_ENABLE_OBJC_WEAK = YES;
				CLANG_WARN_BLOCK_CAPTURE_AUTORELEASING = YES;
				CLANG_WARN_BOOL_CONVERSION = YES;
				CLANG_WARN_COMMA = YES;
				CLANG_WARN_CONSTANT_CONVERSION = YES;
				CLANG_WARN_DEPRECATED_OBJC_IMPLEMENTATIONS = YES;
				CLANG_WARN_DIRECT_OBJC_ISA_USAGE = YES_ERROR;
				CLANG_WARN_DOCUMENTATION_COMMENTS = YES;
				CLANG_WARN_EMPTY_BODY = YES;
				CLANG_WARN_ENUM_CONVERSION = YES;
				CLANG_WARN_INFINITE_RECURSION = YES;
				CLANG_WARN_INT_CONVERSION = YES;
				CLANG_WARN_NON_LITERAL_NULL_CONVERSION = YES;
				CLANG_WARN_OBJC_IMPLICIT_RETAIN_SELF = YES;
				CLANG_WARN_OBJC_LITERAL_CONVERSION = YES;
				CLANG_WARN_OBJC_ROOT_CLASS = YES_ERROR;
				CLANG_WARN_RANGE_LOOP_ANALYSIS = YES;
				CLANG_WARN_STRICT_PROTOTYPES = YES;
				CLANG_WARN_SUSPICIOUS_MOVE = YES;
				CLANG_WARN_UNGUARDED_AVAILABILITY = YES_AGGRESSIVE;
				CLANG_WARN_UNREACHABLE_CODE = YES;
				CLANG_WARN__DUPLICATE_METHOD_MATCH = YES;
				COPY_PHASE_STRIP = NO;
				DEBUG_INFORMATION_FORMAT = "dwarf-with-dsym";
				ENABLE_NS_ASSERTIONS = NO;
				ENABLE_STRICT_OBJC_MSGSEND = YES;
				GCC_C_LANGUAGE_STANDARD = gnu11;
				GCC_NO_COMMON_BLOCKS = YES;
				GCC_WARN_64_TO_32_BIT_CONVERSION = YES;
				GCC_WARN_ABOUT_RETURN_TYPE = YES_ERROR;
				GCC_WARN_UNDECLARED_SELECTOR = YES;
				GCC_WARN_UNINITIALIZED_AUTOS = YES_AGGRESSIVE;
				GCC_WARN_UNUSED_FUNCTION = YES;
				GCC_WARN_UNUSED_VARIABLE = YES;
				IPHONEOS_DEPLOYMENT_TARGET = 13.2;
				MTL_ENABLE_DEBUG_INFO = NO;
				MTL_FAST_MATH = YES;
				SDKROOT = iphoneos;
				SWIFT_COMPILATION_MODE = wholemodule;
				SWIFT_OPTIMIZATION_LEVEL = "-O";
				VALIDATE_PRODUCT = YES;
			};
			name = Release;
		};
		EF1A1A3B23D113DA00574EA3 /* Debug */ = {
			isa = XCBuildConfiguration;
			baseConfigurationReference = 7B6D9EDE3D0368EE1D4CC2D3 /* Pods-RxProject.debug.xcconfig */;
			buildSettings = {
				ASSETCATALOG_COMPILER_APPICON_NAME = AppIcon;
				CODE_SIGN_STYLE = Automatic;
				DEVELOPMENT_TEAM = 78PY5HFX5F;
				INFOPLIST_FILE = RxProject/Info.plist;
				LD_RUNPATH_SEARCH_PATHS = (
					"$(inherited)",
					"@executable_path/Frameworks",
				);
				PRODUCT_BUNDLE_IDENTIFIER = com.detroitlabs.RxProject;
				PRODUCT_NAME = "$(TARGET_NAME)";
				SWIFT_VERSION = 5.0;
				TARGETED_DEVICE_FAMILY = "1,2";
			};
			name = Debug;
		};
		EF1A1A3C23D113DA00574EA3 /* Release */ = {
			isa = XCBuildConfiguration;
			baseConfigurationReference = 414FF307EC40CA0AE994E12D /* Pods-RxProject.release.xcconfig */;
			buildSettings = {
				ASSETCATALOG_COMPILER_APPICON_NAME = AppIcon;
				CODE_SIGN_STYLE = Automatic;
				DEVELOPMENT_TEAM = 78PY5HFX5F;
				INFOPLIST_FILE = RxProject/Info.plist;
				LD_RUNPATH_SEARCH_PATHS = (
					"$(inherited)",
					"@executable_path/Frameworks",
				);
				PRODUCT_BUNDLE_IDENTIFIER = com.detroitlabs.RxProject;
				PRODUCT_NAME = "$(TARGET_NAME)";
				SWIFT_VERSION = 5.0;
				TARGETED_DEVICE_FAMILY = "1,2";
			};
			name = Release;
		};
/* End XCBuildConfiguration section */

/* Begin XCConfigurationList section */
		EF1A1A2123D113D700574EA3 /* Build configuration list for PBXProject "RxProject" */ = {
			isa = XCConfigurationList;
			buildConfigurations = (
				EF1A1A3823D113DA00574EA3 /* Debug */,
				EF1A1A3923D113DA00574EA3 /* Release */,
			);
			defaultConfigurationIsVisible = 0;
			defaultConfigurationName = Release;
		};
		EF1A1A3A23D113DA00574EA3 /* Build configuration list for PBXNativeTarget "RxProject" */ = {
			isa = XCConfigurationList;
			buildConfigurations = (
				EF1A1A3B23D113DA00574EA3 /* Debug */,
				EF1A1A3C23D113DA00574EA3 /* Release */,
			);
			defaultConfigurationIsVisible = 0;
			defaultConfigurationName = Release;
		};
/* End XCConfigurationList section */
	};
	rootObject = EF1A1A1E23D113D700574EA3 /* Project object */;
}
